
Microsoft Visual Studio Solution File, Format Version 12.00
# Visual Studio Version 17
VisualStudioVersion = 17.9.34728.123
MinimumVisualStudioVersion = 10.0.40219.1
Project("{FAE04EC0-301F-11D3-BF4B-00C04F79EFBC}") = "D00_Utility", "D00_Utility\D00_Utility.csproj", "{91DEA14D-6228-4474-A654-40A4D4066EA9}"
EndProject
Project("{FAE04EC0-301F-11D3-BF4B-00C04F79EFBC}") = "E01_OOP_Vehicle", "E01_OOP_Vehicle\E01_OOP_Vehicle.csproj", "{A9205838-5112-4478-8FFA-9971AB431D61}"
EndProject
Global
	GlobalSection(SolutionConfigurationPlatforms) = preSolution
		Debug|Any CPU = Debug|Any CPU
		Release|Any CPU = Release|Any CPU
	EndGlobalSection
	GlobalSection(ProjectConfigurationPlatforms) = postSolution
		{91DEA14D-6228-4474-A654-40A4D4066EA9}.Debug|Any CPU.ActiveCfg = Debug|Any CPU
		{91DEA14D-6228-4474-A654-40A4D4066EA9}.Debug|Any CPU.Build.0 = Debug|Any CPU
		{91DEA14D-6228-4474-A654-40A4D4066EA9}.Release|Any CPU.ActiveCfg = Release|Any CPU
		{91DEA14D-6228-4474-A654-40A4D4066EA9}.Release|Any CPU.Build.0 = Release|Any CPU
		{A9205838-5112-4478-8FFA-9971AB431D61}.Debug|Any CPU.ActiveCfg = Debug|Any CPU
		{A9205838-5112-4478-8FFA-9971AB431D61}.Debug|Any CPU.Build.0 = Debug|Any CPU
		{A9205838-5112-4478-8FFA-9971AB431D61}.Release|Any CPU.ActiveCfg = Release|Any CPU
		{A9205838-5112-4478-8FFA-9971AB431D61}.Release|Any CPU.Build.0 = Release|Any CPU
	EndGlobalSection
	GlobalSection(SolutionProperties) = preSolution
		HideSolutionNode = FALSE
	EndGlobalSection
	GlobalSection(ExtensibilityGlobals) = postSolution
		SolutionGuid = {D940B876-3869-4A79-B9D2-9F34B16495BC}
	EndGlobalSection
EndGlobal
